
Microsoft Visual Studio Solution File, Format Version 12.00
# Visual Studio Version 16
VisualStudioVersion = 16.0.30804.86
MinimumVisualStudioVersion = 10.0.40219.1
Project("{FAE04EC0-301F-11D3-BF4B-00C04F79EFBC}") = "ClassMetotDemo", "ClassMetotDemo\ClassMetotDemo.csproj", "{6C6890FF-DB27-4CE1-8C87-8664D4F6DC95}"
EndProject
Global
	GlobalSection(SolutionConfigurationPlatforms) = preSolution
		Debug|Any CPU = Debug|Any CPU
		Release|Any CPU = Release|Any CPU
	EndGlobalSection
	GlobalSection(ProjectConfigurationPlatforms) = postSolution
		{6C6890FF-DB27-4CE1-8C87-8664D4F6DC95}.Debug|Any CPU.ActiveCfg = Debug|Any CPU
		{6C6890FF-DB27-4CE1-8C87-8664D4F6DC95}.Debug|Any CPU.Build.0 = Debug|Any CPU
		{6C6890FF-DB27-4CE1-8C87-8664D4F6DC95}.Release|Any CPU.ActiveCfg = Release|Any CPU
		{6C6890FF-DB27-4CE1-8C87-8664D4F6DC95}.Release|Any CPU.Build.0 = Release|Any CPU
	EndGlobalSection
	GlobalSection(SolutionProperties) = preSolution
		HideSolutionNode = FALSE
	EndGlobalSection
	GlobalSection(ExtensibilityGlobals) = postSolution
		SolutionGuid = {A1A429A0-B687-4C69-982E-48D0F286DC13}
	EndGlobalSection
EndGlobal
